
Microsoft Visual Studio Solution File, Format Version 12.00
# Visual Studio Version 17
VisualStudioVersion = 17.9.34701.34
MinimumVisualStudioVersion = 10.0.40219.1
Project("{FAE04EC0-301F-11D3-BF4B-00C04F79EFBC}") = "web_ventas_ds504_cf", "app_ventas_ds504_cf\web_ventas_ds504_cf.csproj", "{32DAED6B-F022-4698-AFB8-C4E3A85DC45A}"
EndProject
Global
	GlobalSection(SolutionConfigurationPlatforms) = preSolution
		Debug|Any CPU = Debug|Any CPU
		Release|Any CPU = Release|Any CPU
	EndGlobalSection
	GlobalSection(ProjectConfigurationPlatforms) = postSolution
		{32DAED6B-F022-4698-AFB8-C4E3A85DC45A}.Debug|Any CPU.ActiveCfg = Debug|Any CPU
		{32DAED6B-F022-4698-AFB8-C4E3A85DC45A}.Debug|Any CPU.Build.0 = Debug|Any CPU
		{32DAED6B-F022-4698-AFB8-C4E3A85DC45A}.Release|Any CPU.ActiveCfg = Release|Any CPU
		{32DAED6B-F022-4698-AFB8-C4E3A85DC45A}.Release|Any CPU.Build.0 = Release|Any CPU
	EndGlobalSection
	GlobalSection(SolutionProperties) = preSolution
		HideSolutionNode = FALSE
	EndGlobalSection
	GlobalSection(ExtensibilityGlobals) = postSolution
		SolutionGuid = {C202EE94-BEBE-420D-AE57-3E395AAA0011}
	EndGlobalSection
EndGlobal
